
Microsoft Visual Studio Solution File, Format Version 12.00
# Visual Studio Version 17
VisualStudioVersion = 17.4.33110.190
MinimumVisualStudioVersion = 10.0.40219.1
Project("{FAE04EC0-301F-11D3-BF4B-00C04F79EFBC}") = "navidad_Sevilla", "navidad_Sevilla\navidad_Sevilla.csproj", "{9EF1F65B-1482-4BD6-AC5A-B1237A1DD153}"
EndProject
Global
	GlobalSection(SolutionConfigurationPlatforms) = preSolution
		Debug|Any CPU = Debug|Any CPU
		Release|Any CPU = Release|Any CPU
	EndGlobalSection
	GlobalSection(ProjectConfigurationPlatforms) = postSolution
		{9EF1F65B-1482-4BD6-AC5A-B1237A1DD153}.Debug|Any CPU.ActiveCfg = Debug|Any CPU
		{9EF1F65B-1482-4BD6-AC5A-B1237A1DD153}.Debug|Any CPU.Build.0 = Debug|Any CPU
		{9EF1F65B-1482-4BD6-AC5A-B1237A1DD153}.Release|Any CPU.ActiveCfg = Release|Any CPU
		{9EF1F65B-1482-4BD6-AC5A-B1237A1DD153}.Release|Any CPU.Build.0 = Release|Any CPU
	EndGlobalSection
	GlobalSection(SolutionProperties) = preSolution
		HideSolutionNode = FALSE
	EndGlobalSection
	GlobalSection(ExtensibilityGlobals) = postSolution
		SolutionGuid = {4ED9CF1E-9B11-441B-B876-95F88A7389CE}
	EndGlobalSection
EndGlobal
